github.com/alexrsagen/go-libxml v0.0.0-20180725172132-02f0062ac02a h1:zJH0NVFFdo7uM1MeuF/8yyMFxIW+70cSBzLGlPt5H48=
github.com/alexrsagen/go-libxml v0.0.0-20180725172132-02f0062ac02a/go.mod h1:MWzP0zpe1bOhvl84IrvcnbYdOnKRYtZOs8SXg1nd9dc=
github.com/hooklift/gowsdl v0.3.0 h1:au7iGvFvwWqJgxBB1O4PIakOMwODzLmntKSVumXMKYw=
github.com/jbowtie/gokogiri v0.0.0-20170925221839-40b48594ca18 h1:r7dDKUVfRwZc2seF1p47+CPu/83OKDm9JhQQ1TCiNJ4=
github.com/jbowtie/gokogiri v0.0.0-20170925221839-40b48594ca18/go.mod h1:C3R3VzPq+DAwilxue7DiV6F2QL1rrQX0L56GyI+sBxM=
